// !$*UTF8*$!
{
	archiveVersion = 1;
	classes = {
	};
	objectVersion = 50;
	objects = {

/* Begin PBXBuildFile section */
		EF5A1DEE2174BEC800B8D8C1 /* AppDelegate.swift in Sources */ = {isa = PBXBuildFile; fileRef = EF5A1DED2174BEC800B8D8C1 /* AppDelegate.swift */; };
		EF5A1DF32174BEC800B8D8C1 /* Main.storyboard in Resources */ = {isa = PBXBuildFile; fileRef = EF5A1DF12174BEC800B8D8C1 /* Main.storyboard */; };
		EF5A1DF52174BECB00B8D8C1 /* Assets.xcassets in Resources */ = {isa = PBXBuildFile; fileRef = EF5A1DF42174BECB00B8D8C1 /* Assets.xcassets */; };
		EF5A1DF82174BECB00B8D8C1 /* LaunchScreen.storyboard in Resources */ = {isa = PBXBuildFile; fileRef = EF5A1DF62174BECB00B8D8C1 /* LaunchScreen.storyboard */; };
		EFB5E148217CEBEF003F7EA9 /* Home.storyboard in Resources */ = {isa = PBXBuildFile; fileRef = EFB5E146217CEBEF003F7EA9 /* Home.storyboard */; };
		EFB5E14B217CEC33003F7EA9 /* Live.storyboard in Resources */ = {isa = PBXBuildFile; fileRef = EFB5E149217CEC33003F7EA9 /* Live.storyboard */; };
		EFB5E14E217CEC5B003F7EA9 /* Follow.storyboard in Resources */ = {isa = PBXBuildFile; fileRef = EFB5E14C217CEC5B003F7EA9 /* Follow.storyboard */; };
		EFB5E150217CEC86003F7EA9 /* Profile.storyboard in Resources */ = {isa = PBXBuildFile; fileRef = EFB5E14F217CEC86003F7EA9 /* Profile.storyboard */; };
		EFB5E152217CEE26003F7EA9 /* MainViewController.swift in Sources */ = {isa = PBXBuildFile; fileRef = EFB5E151217CEE26003F7EA9 /* MainViewController.swift */; };
/* End PBXBuildFile section */

/* Begin PBXFileReference section */
		EF5A1DEA2174BEC800B8D8C1 /* DYZB.app */ = {isa = PBXFileReference; explicitFileType = wrapper.application; includeInIndex = 0; path = DYZB.app; sourceTree = BUILT_PRODUCTS_DIR; };
		EF5A1DED2174BEC800B8D8C1 /* AppDelegate.swift */ = {isa = PBXFileReference; lastKnownFileType = sourcecode.swift; path = AppDelegate.swift; sourceTree = "<group>"; };
		EF5A1DF22174BEC800B8D8C1 /* Base */ = {isa = PBXFileReference; lastKnownFileType = file.storyboard; name = Base; path = Base.lproj/Main.storyboard; sourceTree = "<group>"; };
		EF5A1DF42174BECB00B8D8C1 /* Assets.xcassets */ = {isa = PBXFileReference; lastKnownFileType = folder.assetcatalog; path = Assets.xcassets; sourceTree = "<group>"; };
		EF5A1DF72174BECB00B8D8C1 /* Base */ = {isa = PBXFileReference; lastKnownFileType = file.storyboard; name = Base; path = Base.lproj/LaunchScreen.storyboard; sourceTree = "<group>"; };
		EF5A1DF92174BECB00B8D8C1 /* Info.plist */ = {isa = PBXFileReference; lastKnownFileType = text.plist.xml; path = Info.plist; sourceTree = "<group>"; };
		EFB5E147217CEBEF003F7EA9 /* Base */ = {isa = PBXFileReference; lastKnownFileType = file.storyboard; name = Base; path = DYZB/Classes/Main/Base.lproj/Home.storyboard; sourceTree = "<group>"; };
		EFB5E14A217CEC33003F7EA9 /* Base */ = {isa = PBXFileReference; lastKnownFileType = file.storyboard; name = Base; path = DYZB/Base.lproj/Live.storyboard; sourceTree = "<group>"; };
		EFB5E14D217CEC5B003F7EA9 /* Base */ = {isa = PBXFileReference; lastKnownFileType = file.storyboard; name = Base; path = DYZB/Classes/Main/Base.lproj/Follow.storyboard; sourceTree = "<group>"; };
		EFB5E14F217CEC86003F7EA9 /* Profile.storyboard */ = {isa = PBXFileReference; fileEncoding = 4; lastKnownFileType = file.storyboard; path = Profile.storyboard; sourceTree = "<group>"; };
		EFB5E151217CEE26003F7EA9 /* MainViewController.swift */ = {isa = PBXFileReference; lastKnownFileType = sourcecode.swift; path = MainViewController.swift; sourceTree = "<group>"; };
/* End PBXFileReference section */

/* Begin PBXFrameworksBuildPhase section */
		EF5A1DE72174BEC800B8D8C1 /* Frameworks */ = {
			isa = PBXFrameworksBuildPhase;
			buildActionMask = 2147483647;
			files = (
			);
			runOnlyForDeploymentPostprocessing = 0;
		};
/* End PBXFrameworksBuildPhase section */

/* Begin PBXGroup section */
		EF5A1DE12174BEC800B8D8C1 = {
			isa = PBXGroup;
			children = (
				EF5A1DEC2174BEC800B8D8C1 /* DYZB */,
				EF5A1DEB2174BEC800B8D8C1 /* Products */,
			);
			sourceTree = "<group>";
		};
		EF5A1DEB2174BEC800B8D8C1 /* Products */ = {
			isa = PBXGroup;
			children = (
				EF5A1DEA2174BEC800B8D8C1 /* DYZB.app */,
			);
			name = Products;
			sourceTree = "<group>";
		};
		EF5A1DEC2174BEC800B8D8C1 /* DYZB */ = {
			isa = PBXGroup;
			children = (
				EFB5E13F217CDD79003F7EA9 /* Classes */,
				EF5A1DED2174BEC800B8D8C1 /* AppDelegate.swift */,
				EF5A1DF42174BECB00B8D8C1 /* Assets.xcassets */,
				EF5A1DF62174BECB00B8D8C1 /* LaunchScreen.storyboard */,
				EF5A1DF92174BECB00B8D8C1 /* Info.plist */,
			);
			path = DYZB;
			sourceTree = "<group>";
		};
		EFB5E13F217CDD79003F7EA9 /* Classes */ = {
			isa = PBXGroup;
			children = (
				EFB5E145217CDD79003F7EA9 /* Main */,
				EFB5E140217CDD79003F7EA9 /* Home */,
				EFB5E144217CDD79003F7EA9 /* Live */,
				EFB5E142217CDD79003F7EA9 /* Follow */,
				EFB5E143217CDD79003F7EA9 /* Profile */,
				EFB5E141217CDD79003F7EA9 /* Tools */,
			);
			path = Classes;
			sourceTree = "<group>";
		};
		EFB5E140217CDD79003F7EA9 /* Home */ = {
			isa = PBXGroup;
			children = (
				EFB5E146217CEBEF003F7EA9 /* Home.storyboard */,
			);
			path = Home;
			sourceTree = "<group>";
		};
		EFB5E141217CDD79003F7EA9 /* Tools */ = {
			isa = PBXGroup;
			children = (
			);
			path = Tools;
			sourceTree = "<group>";
		};
		EFB5E142217CDD79003F7EA9 /* Follow */ = {
			isa = PBXGroup;
			children = (
				EFB5E14C217CEC5B003F7EA9 /* Follow.storyboard */,
			);
			path = Follow;
			sourceTree = "<group>";
		};
		EFB5E143217CDD79003F7EA9 /* Profile */ = {
			isa = PBXGroup;
			children = (
				EFB5E14F217CEC86003F7EA9 /* Profile.storyboard */,
			);
			path = Profile;
			sourceTree = "<group>";
		};
		EFB5E144217CDD79003F7EA9 /* Live */ = {
			isa = PBXGroup;
			children = (
				EFB5E149217CEC33003F7EA9 /* Live.storyboard */,
			);
			path = Live;
			sourceTree = "<group>";
		};
		EFB5E145217CDD79003F7EA9 /* Main */ = {
			isa = PBXGroup;
			children = (
				EF5A1DF12174BEC800B8D8C1 /* Main.storyboard */,
				EFB5E151217CEE26003F7EA9 /* MainViewController.swift */,
			);
			path = Main;
			sourceTree = "<group>";
		};
/* End PBXGroup section */

/* Begin PBXNativeTarget section */
		EF5A1DE92174BEC800B8D8C1 /* DYZB */ = {
			isa = PBXNativeTarget;
			buildConfigurationList = EF5A1DFC2174BECB00B8D8C1 /* Build configuration list for PBXNativeTarget "DYZB" */;
			buildPhases = (
				EF5A1DE62174BEC800B8D8C1 /* Sources */,
				EF5A1DE72174BEC800B8D8C1 /* Frameworks */,
				EF5A1DE82174BEC800B8D8C1 /* Resources */,
			);
			buildRules = (
			);
			dependencies = (
			);
			name = DYZB;
			productName = DYZB;
			productReference = EF5A1DEA2174BEC800B8D8C1 /* DYZB.app */;
			productType = "com.apple.product-type.application";
		};
/* End PBXNativeTarget section */

/* Begin PBXProject section */
		EF5A1DE22174BEC800B8D8C1 /* Project object */ = {
			isa = PBXProject;
			attributes = {
				LastSwiftUpdateCheck = 1000;
				LastUpgradeCheck = 1000;
				ORGANIZATIONNAME = eric;
				TargetAttributes = {
					EF5A1DE92174BEC800B8D8C1 = {
						CreatedOnToolsVersion = 10.0;
					};
				};
			};
			buildConfigurationList = EF5A1DE52174BEC800B8D8C1 /* Build configuration list for PBXProject "DYZB" */;
			compatibilityVersion = "Xcode 9.3";
			developmentRegion = en;
			hasScannedForEncodings = 0;
			knownRegions = (
				en,
				Base,
			);
			mainGroup = EF5A1DE12174BEC800B8D8C1;
			productRefGroup = EF5A1DEB2174BEC800B8D8C1 /* Products */;
			projectDirPath = "";
			projectRoot = "";
			targets = (
				EF5A1DE92174BEC800B8D8C1 /* DYZB */,
			);
		};
/* End PBXProject section */

/* Begin PBXResourcesBuildPhase section */
		EF5A1DE82174BEC800B8D8C1 /* Resources */ = {
			isa = PBXResourcesBuildPhase;
			buildActionMask = 2147483647;
			files = (
				EF5A1DF82174BECB00B8D8C1 /* LaunchScreen.storyboard in Resources */,
				EF5A1DF52174BECB00B8D8C1 /* Assets.xcassets in Resources */,
				EF5A1DF32174BEC800B8D8C1 /* Main.storyboard in Resources */,
				EFB5E14B217CEC33003F7EA9 /* Live.storyboard in Resources */,
				EFB5E148217CEBEF003F7EA9 /* Home.storyboard in Resources */,
				EFB5E150217CEC86003F7EA9 /* Profile.storyboard in Resources */,
				EFB5E14E217CEC5B003F7EA9 /* Follow.storyboard in Resources */,
			);
			runOnlyForDeploymentPostprocessing = 0;
		};
/* End PBXResourcesBuildPhase section */

/* Begin PBXSourcesBuildPhase section */
		EF5A1DE62174BEC800B8D8C1 /* Sources */ = {
			isa = PBXSourcesBuildPhase;
			buildActionMask = 2147483647;
			files = (
				EF5A1DEE2174BEC800B8D8C1 /* AppDelegate.swift in Sources */,
				EFB5E152217CEE26003F7EA9 /* MainViewController.swift in Sources */,
			);
			runOnlyForDeploymentPostprocessing = 0;
		};
/* End PBXSourcesBuildPhase section */

/* Begin PBXVariantGroup section */
		EF5A1DF12174BEC800B8D8C1 /* Main.storyboard */ = {
			isa = PBXVariantGroup;
			children = (
				EF5A1DF22174BEC800B8D8C1 /* Base */,
			);
			name = Main.storyboard;
			sourceTree = "<group>";
		};
		EF5A1DF62174BECB00B8D8C1 /* LaunchScreen.storyboard */ = {
			isa = PBXVariantGroup;
			children = (
				EF5A1DF72174BECB00B8D8C1 /* Base */,
			);
			name = LaunchScreen.storyboard;
			sourceTree = "<group>";
		};
		EFB5E146217CEBEF003F7EA9 /* Home.storyboard */ = {
			isa = PBXVariantGroup;
			children = (
				EFB5E147217CEBEF003F7EA9 /* Base */,
			);
			name = Home.storyboard;
			sourceTree = "<group>";
		};
		EFB5E149217CEC33003F7EA9 /* Live.storyboard */ = {
			isa = PBXVariantGroup;
			children = (
				EFB5E14A217CEC33003F7EA9 /* Base */,
			);
			name = Live.storyboard;
			sourceTree = "<group>";
		};
		EFB5E14C217CEC5B003F7EA9 /* Follow.storyboard */ = {
			isa = PBXVariantGroup;
			children = (
				EFB5E14D217CEC5B003F7EA9 /* Base */,
			);
			name = Follow.storyboard;
			sourceTree = "<group>";
		};
/* End PBXVariantGroup section */

/* Begin XCBuildConfiguration section */
		EF5A1DFA2174BECB00B8D8C1 /* Debug */ = {
			isa = XCBuildConfiguration;
			buildSettings = {
				ALWAYS_SEARCH_USER_PATHS = NO;
				CLANG_ANALYZER_NONNULL = YES;
				CLANG_ANALYZER_NUMBER_OBJECT_CONVERSION = YES_AGGRESSIVE;
				CLANG_CXX_LANGUAGE_STANDARD = "gnu++14";
				CLANG_CXX_LIBRARY = "libc++";
				CLANG_ENABLE_MODULES = YES;
				CLANG_ENABLE_OBJC_ARC = YES;
				CLANG_ENABLE_OBJC_WEAK = YES;
				CLANG_WARN_BLOCK_CAPTURE_AUTORELEASING = YES;
				CLANG_WARN_BOOL_CONVERSION = YES;
				CLANG_WARN_COMMA = YES;
				CLANG_WARN_CONSTANT_CONVERSION = YES;
				CLANG_WARN_DEPRECATED_OBJC_IMPLEMENTATIONS = YES;
				CLANG_WARN_DIRECT_OBJC_ISA_USAGE = YES_ERROR;
				CLANG_WARN_DOCUMENTATION_COMMENTS = YES;
				CLANG_WARN_EMPTY_BODY = YES;
				CLANG_WARN_ENUM_CONVERSION = YES;
				CLANG_WARN_INFINITE_RECURSION = YES;
				CLANG_WARN_INT_CONVERSION = YES;
				CLANG_WARN_NON_LITERAL_NULL_CONVERSION = YES;
				CLANG_WARN_OBJC_IMPLICIT_RETAIN_SELF = YES;
				CLANG_WARN_OBJC_LITERAL_CONVERSION = YES;
				CLANG_WARN_OBJC_ROOT_CLASS = YES_ERROR;
				CLANG_WARN_RANGE_LOOP_ANALYSIS = YES;
				CLANG_WARN_STRICT_PROTOTYPES = YES;
				CLANG_WARN_SUSPICIOUS_MOVE = YES;
				CLANG_WARN_UNGUARDED_AVAILABILITY = YES_AGGRESSIVE;
				CLANG_WARN_UNREACHABLE_CODE = YES;
				CLANG_WARN__DUPLICATE_METHOD_MATCH = YES;
				CODE_SIGN_IDENTITY = "iPhone Developer";
				COPY_PHASE_STRIP = NO;
				DEBUG_INFORMATION_FORMAT = dwarf;
				ENABLE_STRICT_OBJC_MSGSEND = YES;
				ENABLE_TESTABILITY = YES;
				GCC_C_LANGUAGE_STANDARD = gnu11;
				GCC_DYNAMIC_NO_PIC = NO;
				GCC_NO_COMMON_BLOCKS = YES;
				GCC_OPTIMIZATION_LEVEL = 0;
				GCC_PREPROCESSOR_DEFINITIONS = (
					"DEBUG=1",
					"$(inherited)",
				);
				GCC_WARN_64_TO_32_BIT_CONVERSION = YES;
				GCC_WARN_ABOUT_RETURN_TYPE = YES_ERROR;
				GCC_WARN_UNDECLARED_SELECTOR = YES;
				GCC_WARN_UNINITIALIZED_AUTOS = YES_AGGRESSIVE;
				GCC_WARN_UNUSED_FUNCTION = YES;
				GCC_WARN_UNUSED_VARIABLE = YES;
				IPHONEOS_DEPLOYMENT_TARGET = 12.0;
				MTL_ENABLE_DEBUG_INFO = INCLUDE_SOURCE;
				MTL_FAST_MATH = YES;
				ONLY_ACTIVE_ARCH = YES;
				SDKROOT = iphoneos;
				SWIFT_ACTIVE_COMPILATION_CONDITIONS = DEBUG;
				SWIFT_OPTIMIZATION_LEVEL = "-Onone";
			};
			name = Debug;
		};
		EF5A1DFB2174BECB00B8D8C1 /* Release */ = {
			isa = XCBuildConfiguration;
			buildSettings = {
				ALWAYS_SEARCH_USER_PATHS = NO;
				CLANG_ANALYZER_NONNULL = YES;
				CLANG_ANALYZER_NUMBER_OBJECT_CONVERSION = YES_AGGRESSIVE;
				CLANG_CXX_LANGUAGE_STANDARD = "gnu++14";
				CLANG_CXX_LIBRARY = "libc++";
				CLANG_ENABLE_MODULES = YES;
				CLANG_ENABLE_OBJC_ARC = YES;
				CLANG_ENABLE_OBJC_WEAK = YES;
				CLANG_WARN_BLOCK_CAPTURE_AUTORELEASING = YES;
				CLANG_WARN_BOOL_CONVERSION = YES;
				CLANG_WARN_COMMA = YES;
				CLANG_WARN_CONSTANT_CONVERSION = YES;
				CLANG_WARN_DEPRECATED_OBJC_IMPLEMENTATIONS = YES;
				CLANG_WARN_DIRECT_OBJC_ISA_USAGE = YES_ERROR;
				CLANG_WARN_DOCUMENTATION_COMMENTS = YES;
				CLANG_WARN_EMPTY_BODY = YES;
				CLANG_WARN_ENUM_CONVERSION = YES;
				CLANG_WARN_INFINITE_RECURSION = YES;
				CLANG_WARN_INT_CONVERSION = YES;
				CLANG_WARN_NON_LITERAL_NULL_CONVERSION = YES;
				CLANG_WARN_OBJC_IMPLICIT_RETAIN_SELF = YES;
				CLANG_WARN_OBJC_LITERAL_CONVERSION = YES;
				CLANG_WARN_OBJC_ROOT_CLASS = YES_ERROR;
				CLANG_WARN_RANGE_LOOP_ANALYSIS = YES;
				CLANG_WARN_STRICT_PROTOTYPES = YES;
				CLANG_WARN_SUSPICIOUS_MOVE = YES;
				CLANG_WARN_UNGUARDED_AVAILABILITY = YES_AGGRESSIVE;
				CLANG_WARN_UNREACHABLE_CODE = YES;
				CLANG_WARN__DUPLICATE_METHOD_MATCH = YES;
				CODE_SIGN_IDENTITY = "iPhone Developer";
				COPY_PHASE_STRIP = NO;
				DEBUG_INFORMATION_FORMAT = "dwarf-with-dsym";
				ENABLE_NS_ASSERTIONS = NO;
				ENABLE_STRICT_OBJC_MSGSEND = YES;
				GCC_C_LANGUAGE_STANDARD = gnu11;
				GCC_NO_COMMON_BLOCKS = YES;
				GCC_WARN_64_TO_32_BIT_CONVERSION = YES;
				GCC_WARN_ABOUT_RETURN_TYPE = YES_ERROR;
				GCC_WARN_UNDECLARED_SELECTOR = YES;
				GCC_WARN_UNINITIALIZED_AUTOS = YES_AGGRESSIVE;
				GCC_WARN_UNUSED_FUNCTION = YES;
				GCC_WARN_UNUSED_VARIABLE = YES;
				IPHONEOS_DEPLOYMENT_TARGET = 12.0;
				MTL_ENABLE_DEBUG_INFO = NO;
				MTL_FAST_MATH = YES;
				SDKROOT = iphoneos;
				SWIFT_COMPILATION_MODE = wholemodule;
				SWIFT_OPTIMIZATION_LEVEL = "-O";
				VALIDATE_PRODUCT = YES;
			};
			name = Release;
		};
		EF5A1DFD2174BECB00B8D8C1 /* Debug */ = {
			isa = XCBuildConfiguration;
			buildSettings = {
				ASSETCATALOG_COMPILER_APPICON_NAME = AppIcon;
				CODE_SIGN_STYLE = Automatic;
				DEVELOPMENT_TEAM = "";
				INFOPLIST_FILE = DYZB/Info.plist;
				IPHONEOS_DEPLOYMENT_TARGET = 8.0;
				LD_RUNPATH_SEARCH_PATHS = (
					"$(inherited)",
					"@executable_path/Frameworks",
				);
				PRODUCT_BUNDLE_IDENTIFIER = "-.1.DYZB";
				PRODUCT_NAME = "$(TARGET_NAME)";
				SWIFT_VERSION = 4.2;
				TARGETED_DEVICE_FAMILY = 1;
			};
			name = Debug;
		};
		EF5A1DFE2174BECB00B8D8C1 /* Release */ = {
			isa = XCBuildConfiguration;
			buildSettings = {
				ASSETCATALOG_COMPILER_APPICON_NAME = AppIcon;
				CODE_SIGN_STYLE = Automatic;
				DEVELOPMENT_TEAM = "";
				INFOPLIST_FILE = DYZB/Info.plist;
				IPHONEOS_DEPLOYMENT_TARGET = 8.0;
				LD_RUNPATH_SEARCH_PATHS = (
					"$(inherited)",
					"@executable_path/Frameworks",
				);
				PRODUCT_BUNDLE_IDENTIFIER = "-.1.DYZB";
				PRODUCT_NAME = "$(TARGET_NAME)";
				SWIFT_VERSION = 4.2;
				TARGETED_DEVICE_FAMILY = 1;
			};
			name = Release;
		};
/* End XCBuildConfiguration section */

/* Begin XCConfigurationList section */
		EF5A1DE52174BEC800B8D8C1 /* Build configuration list for PBXProject "DYZB" */ = {
			isa = XCConfigurationList;
			buildConfigurations = (
				EF5A1DFA2174BECB00B8D8C1 /* Debug */,
				EF5A1DFB2174BECB00B8D8C1 /* Release */,
			);
			defaultConfigurationIsVisible = 0;
			defaultConfigurationName = Release;
		};
		EF5A1DFC2174BECB00B8D8C1 /* Build configuration list for PBXNativeTarget "DYZB" */ = {
			isa = XCConfigurationList;
			buildConfigurations = (
				EF5A1DFD2174BECB00B8D8C1 /* Debug */,
				EF5A1DFE2174BECB00B8D8C1 /* Release */,
			);
			defaultConfigurationIsVisible = 0;
			defaultConfigurationName = Release;
		};
/* End XCConfigurationList section */
	};
	rootObject = EF5A1DE22174BEC800B8D8C1 /* Project object */;
}
